
Microsoft Visual Studio Solution File, Format Version 12.00
# Visual Studio Version 17
VisualStudioVersion = 17.5.002.0
MinimumVisualStudioVersion = 10.0.40219.1
Project("{9A19103F-16F7-4668-BE54-9A1E7A4F7556}") = "PredicatesRemoveAll", "PredicatesRemoveAll.csproj", "{A470F524-CFEC-4413-8A22-F207CAA280DF}"
EndProject
Global
	GlobalSection(SolutionConfigurationPlatforms) = preSolution
		Debug|Any CPU = Debug|Any CPU
		Release|Any CPU = Release|Any CPU
	EndGlobalSection
	GlobalSection(ProjectConfigurationPlatforms) = postSolution
		{A470F524-CFEC-4413-8A22-F207CAA280DF}.Debug|Any CPU.ActiveCfg = Debug|Any CPU
		{A470F524-CFEC-4413-8A22-F207CAA280DF}.Debug|Any CPU.Build.0 = Debug|Any CPU
		{A470F524-CFEC-4413-8A22-F207CAA280DF}.Release|Any CPU.ActiveCfg = Release|Any CPU
		{A470F524-CFEC-4413-8A22-F207CAA280DF}.Release|Any CPU.Build.0 = Release|Any CPU
	EndGlobalSection
	GlobalSection(SolutionProperties) = preSolution
		HideSolutionNode = FALSE
	EndGlobalSection
	GlobalSection(ExtensibilityGlobals) = postSolution
		SolutionGuid = {A49B3900-57A7-4F94-831F-883EE75A63B8}
	EndGlobalSection
EndGlobal
