
Microsoft Visual Studio Solution File, Format Version 12.00
# Visual Studio Version 17
VisualStudioVersion = 17.5.002.0
MinimumVisualStudioVersion = 10.0.40219.1
Project("{9A19103F-16F7-4668-BE54-9A1E7A4F7556}") = "ExemploAction", "ExemploAction.csproj", "{821CA14B-2526-42D8-8AC8-830ED1C93DEE}"
EndProject
Global
	GlobalSection(SolutionConfigurationPlatforms) = preSolution
		Debug|Any CPU = Debug|Any CPU
		Release|Any CPU = Release|Any CPU
	EndGlobalSection
	GlobalSection(ProjectConfigurationPlatforms) = postSolution
		{821CA14B-2526-42D8-8AC8-830ED1C93DEE}.Debug|Any CPU.ActiveCfg = Debug|Any CPU
		{821CA14B-2526-42D8-8AC8-830ED1C93DEE}.Debug|Any CPU.Build.0 = Debug|Any CPU
		{821CA14B-2526-42D8-8AC8-830ED1C93DEE}.Release|Any CPU.ActiveCfg = Release|Any CPU
		{821CA14B-2526-42D8-8AC8-830ED1C93DEE}.Release|Any CPU.Build.0 = Release|Any CPU
	EndGlobalSection
	GlobalSection(SolutionProperties) = preSolution
		HideSolutionNode = FALSE
	EndGlobalSection
	GlobalSection(ExtensibilityGlobals) = postSolution
		SolutionGuid = {A499CA92-2C82-4560-859D-01A03D02C47F}
	EndGlobalSection
EndGlobal
